
Microsoft Visual Studio Solution File, Format Version 12.00
# Visual Studio Version 17
VisualStudioVersion = 17.4.33213.308
MinimumVisualStudioVersion = 10.0.40219.1
Project("{8BC9CEB8-8B4A-11D0-8D11-00A0C91BC942}") = "WedLab_2_1_23", "WedLab_2_1_23\WedLab_2_1_23.vcxproj", "{FE0D413D-14B3-4146-B3E1-00504B8E2775}"
EndProject
Global
	GlobalSection(SolutionConfigurationPlatforms) = preSolution
		Debug|x64 = Debug|x64
		Debug|x86 = Debug|x86
		Release|x64 = Release|x64
		Release|x86 = Release|x86
	EndGlobalSection
	GlobalSection(ProjectConfigurationPlatforms) = postSolution
		{FE0D413D-14B3-4146-B3E1-00504B8E2775}.Debug|x64.ActiveCfg = Debug|x64
		{FE0D413D-14B3-4146-B3E1-00504B8E2775}.Debug|x64.Build.0 = Debug|x64
		{FE0D413D-14B3-4146-B3E1-00504B8E2775}.Debug|x86.ActiveCfg = Debug|Win32
		{FE0D413D-14B3-4146-B3E1-00504B8E2775}.Debug|x86.Build.0 = Debug|Win32
		{FE0D413D-14B3-4146-B3E1-00504B8E2775}.Release|x64.ActiveCfg = Release|x64
		{FE0D413D-14B3-4146-B3E1-00504B8E2775}.Release|x64.Build.0 = Release|x64
		{FE0D413D-14B3-4146-B3E1-00504B8E2775}.Release|x86.ActiveCfg = Release|Win32
		{FE0D413D-14B3-4146-B3E1-00504B8E2775}.Release|x86.Build.0 = Release|Win32
	EndGlobalSection
	GlobalSection(SolutionProperties) = preSolution
		HideSolutionNode = FALSE
	EndGlobalSection
	GlobalSection(ExtensibilityGlobals) = postSolution
		SolutionGuid = {7A77C792-E611-4BB3-A838-4CF5569502CA}
	EndGlobalSection
EndGlobal
